
Microsoft Visual Studio Solution File, Format Version 12.00
# Visual Studio Version 17
VisualStudioVersion = 17.5.002.0
MinimumVisualStudioVersion = 10.0.40219.1
Project("{9A19103F-16F7-4668-BE54-9A1E7A4F7556}") = "Task1", "Task1\Task1.csproj", "{607E36DC-AE07-46CE-8A4D-9008626A8801}"
EndProject
Project("{9A19103F-16F7-4668-BE54-9A1E7A4F7556}") = "Task2", "Task2\Task2.csproj", "{1611B9FD-377E-4002-8244-EE6152EAED4D}"
EndProject
Project("{9A19103F-16F7-4668-BE54-9A1E7A4F7556}") = "Task3", "Task3\Task3.csproj", "{DD4EA4D9-A739-428F-9367-B7FCED35F1EB}"
EndProject
Project("{9A19103F-16F7-4668-BE54-9A1E7A4F7556}") = "Task4", "Task4\Task4.csproj", "{475586C0-DD94-420B-9ED7-FFF3E04268D9}"
EndProject
Project("{FAE04EC0-301F-11D3-BF4B-00C04F79EFBC}") = "homework1", "homework1\homework1.csproj", "{1D9D062D-2EE8-413B-8DAE-194E88AF38C9}"
EndProject
Project("{FAE04EC0-301F-11D3-BF4B-00C04F79EFBC}") = "homework2", "homework2\homework2.csproj", "{EE96B5C8-8C44-4787-B245-D4C2063E7CC1}"
EndProject
Project("{FAE04EC0-301F-11D3-BF4B-00C04F79EFBC}") = "homework3", "homework3\homework3.csproj", "{F755E1FD-8D56-4EA6-BB11-2E6392D89936}"
EndProject
Global
	GlobalSection(SolutionConfigurationPlatforms) = preSolution
		Debug|Any CPU = Debug|Any CPU
		Release|Any CPU = Release|Any CPU
	EndGlobalSection
	GlobalSection(ProjectConfigurationPlatforms) = postSolution
		{607E36DC-AE07-46CE-8A4D-9008626A8801}.Debug|Any CPU.ActiveCfg = Debug|Any CPU
		{607E36DC-AE07-46CE-8A4D-9008626A8801}.Debug|Any CPU.Build.0 = Debug|Any CPU
		{607E36DC-AE07-46CE-8A4D-9008626A8801}.Release|Any CPU.ActiveCfg = Release|Any CPU
		{607E36DC-AE07-46CE-8A4D-9008626A8801}.Release|Any CPU.Build.0 = Release|Any CPU
		{1611B9FD-377E-4002-8244-EE6152EAED4D}.Debug|Any CPU.ActiveCfg = Debug|Any CPU
		{1611B9FD-377E-4002-8244-EE6152EAED4D}.Debug|Any CPU.Build.0 = Debug|Any CPU
		{1611B9FD-377E-4002-8244-EE6152EAED4D}.Release|Any CPU.ActiveCfg = Release|Any CPU
		{1611B9FD-377E-4002-8244-EE6152EAED4D}.Release|Any CPU.Build.0 = Release|Any CPU
		{DD4EA4D9-A739-428F-9367-B7FCED35F1EB}.Debug|Any CPU.ActiveCfg = Debug|Any CPU
		{DD4EA4D9-A739-428F-9367-B7FCED35F1EB}.Debug|Any CPU.Build.0 = Debug|Any CPU
		{DD4EA4D9-A739-428F-9367-B7FCED35F1EB}.Release|Any CPU.ActiveCfg = Release|Any CPU
		{DD4EA4D9-A739-428F-9367-B7FCED35F1EB}.Release|Any CPU.Build.0 = Release|Any CPU
		{475586C0-DD94-420B-9ED7-FFF3E04268D9}.Debug|Any CPU.ActiveCfg = Debug|Any CPU
		{475586C0-DD94-420B-9ED7-FFF3E04268D9}.Debug|Any CPU.Build.0 = Debug|Any CPU
		{475586C0-DD94-420B-9ED7-FFF3E04268D9}.Release|Any CPU.ActiveCfg = Release|Any CPU
		{475586C0-DD94-420B-9ED7-FFF3E04268D9}.Release|Any CPU.Build.0 = Release|Any CPU
		{1D9D062D-2EE8-413B-8DAE-194E88AF38C9}.Debug|Any CPU.ActiveCfg = Debug|Any CPU
		{1D9D062D-2EE8-413B-8DAE-194E88AF38C9}.Debug|Any CPU.Build.0 = Debug|Any CPU
		{1D9D062D-2EE8-413B-8DAE-194E88AF38C9}.Release|Any CPU.ActiveCfg = Release|Any CPU
		{1D9D062D-2EE8-413B-8DAE-194E88AF38C9}.Release|Any CPU.Build.0 = Release|Any CPU
		{EE96B5C8-8C44-4787-B245-D4C2063E7CC1}.Debug|Any CPU.ActiveCfg = Debug|Any CPU
		{EE96B5C8-8C44-4787-B245-D4C2063E7CC1}.Debug|Any CPU.Build.0 = Debug|Any CPU
		{EE96B5C8-8C44-4787-B245-D4C2063E7CC1}.Release|Any CPU.ActiveCfg = Release|Any CPU
		{EE96B5C8-8C44-4787-B245-D4C2063E7CC1}.Release|Any CPU.Build.0 = Release|Any CPU
		{F755E1FD-8D56-4EA6-BB11-2E6392D89936}.Debug|Any CPU.ActiveCfg = Debug|Any CPU
		{F755E1FD-8D56-4EA6-BB11-2E6392D89936}.Debug|Any CPU.Build.0 = Debug|Any CPU
		{F755E1FD-8D56-4EA6-BB11-2E6392D89936}.Release|Any CPU.ActiveCfg = Release|Any CPU
		{F755E1FD-8D56-4EA6-BB11-2E6392D89936}.Release|Any CPU.Build.0 = Release|Any CPU
	EndGlobalSection
	GlobalSection(SolutionProperties) = preSolution
		HideSolutionNode = FALSE
	EndGlobalSection
	GlobalSection(ExtensibilityGlobals) = postSolution
		SolutionGuid = {1FC0194B-0BEA-4F72-8125-E82E3FABE208}
	EndGlobalSection
EndGlobal
